// !$*UTF8*$!
{
	archiveVersion = 1;
	classes = {
	};
	objectVersion = 46;
	objects = {

/* Begin PBXBuildFile section */
		AC55E3C921A6F7F800DA49B1 /* protein.cpp in Sources */ = {isa = PBXBuildFile; fileRef = AC55E3B621A6F7F800DA49B1 /* protein.cpp */; };
		AC55E3CA21A6F7F800DA49B1 /* protein_profile.cpp in Sources */ = {isa = PBXBuildFile; fileRef = AC55E3B721A6F7F800DA49B1 /* protein_profile.cpp */; };
		AC55E3CB21A6F7F800DA49B1 /* driver.cpp in Sources */ = {isa = PBXBuildFile; fileRef = AC55E3BA21A6F7F800DA49B1 /* driver.cpp */; };
		AC55E3CC21A6F7F800DA49B1 /* mapping.cpp in Sources */ = {isa = PBXBuildFile; fileRef = AC55E3BB21A6F7F800DA49B1 /* mapping.cpp */; };
		AC55E3CD21A6F7F800DA49B1 /* statistics.cpp in Sources */ = {isa = PBXBuildFile; fileRef = AC55E3BC21A6F7F800DA49B1 /* statistics.cpp */; settings = {COMPILER_FLAGS = "-std=c++1z"; }; };
		AC55E3CE21A6F7F800DA49B1 /* evaluator.cpp in Sources */ = {isa = PBXBuildFile; fileRef = AC55E3BD21A6F7F800DA49B1 /* evaluator.cpp */; settings = {COMPILER_FLAGS = "-std=c++1z"; }; };
		AC55E3CF21A6F7F800DA49B1 /* utility.cpp in Sources */ = {isa = PBXBuildFile; fileRef = AC55E3BE21A6F7F800DA49B1 /* utility.cpp */; };
		AC55E3D021A6F7F800DA49B1 /* dDFIRE2.cpp in Sources */ = {isa = PBXBuildFile; fileRef = AC55E3C121A6F7F800DA49B1 /* dDFIRE2.cpp */; };
		AC55E3D121A6F7F800DA49B1 /* cpplocate.cpp in Sources */ = {isa = PBXBuildFile; fileRef = AC55E3C821A6F7F800DA49B1 /* cpplocate.cpp */; };
/* End PBXBuildFile section */

/* Begin PBXCopyFilesBuildPhase section */
		AC1D67262039EF2E00DC2D66 /* CopyFiles */ = {
			isa = PBXCopyFilesBuildPhase;
			buildActionMask = 2147483647;
			dstPath = /usr/share/man/man1/;
			dstSubfolderSpec = 0;
			files = (
			);
			runOnlyForDeploymentPostprocessing = 1;
		};
/* End PBXCopyFilesBuildPhase section */

/* Begin PBXFileReference section */
		AC1D67282039EF2E00DC2D66 /* Protein Sequence Evolution */ = {isa = PBXFileReference; explicitFileType = "compiled.mach-o.executable"; includeInIndex = 0; path = "Protein Sequence Evolution"; sourceTree = BUILT_PRODUCTS_DIR; };
		AC55E3B621A6F7F800DA49B1 /* protein.cpp */ = {isa = PBXFileReference; fileEncoding = 4; lastKnownFileType = sourcecode.cpp.cpp; name = protein.cpp; path = src/protein.cpp; sourceTree = "<group>"; };
		AC55E3B721A6F7F800DA49B1 /* protein_profile.cpp */ = {isa = PBXFileReference; fileEncoding = 4; lastKnownFileType = sourcecode.cpp.cpp; name = protein_profile.cpp; path = src/protein_profile.cpp; sourceTree = "<group>"; };
		AC55E3B821A6F7F800DA49B1 /* protein_profile.h */ = {isa = PBXFileReference; fileEncoding = 4; lastKnownFileType = sourcecode.c.h; name = protein_profile.h; path = src/protein_profile.h; sourceTree = "<group>"; };
		AC55E3B921A6F7F800DA49B1 /* protein.h */ = {isa = PBXFileReference; fileEncoding = 4; lastKnownFileType = sourcecode.c.h; name = protein.h; path = src/protein.h; sourceTree = "<group>"; };
		AC55E3BA21A6F7F800DA49B1 /* driver.cpp */ = {isa = PBXFileReference; fileEncoding = 4; lastKnownFileType = sourcecode.cpp.cpp; name = driver.cpp; path = src/driver.cpp; sourceTree = "<group>"; };
		AC55E3BB21A6F7F800DA49B1 /* mapping.cpp */ = {isa = PBXFileReference; fileEncoding = 4; lastKnownFileType = sourcecode.cpp.cpp; name = mapping.cpp; path = src/mapping.cpp; sourceTree = "<group>"; };
		AC55E3BC21A6F7F800DA49B1 /* statistics.cpp */ = {isa = PBXFileReference; fileEncoding = 4; lastKnownFileType = sourcecode.cpp.cpp; name = statistics.cpp; path = src/statistics.cpp; sourceTree = "<group>"; };
		AC55E3BD21A6F7F800DA49B1 /* evaluator.cpp */ = {isa = PBXFileReference; fileEncoding = 4; lastKnownFileType = sourcecode.cpp.cpp; name = evaluator.cpp; path = src/evaluator.cpp; sourceTree = "<group>"; };
		AC55E3BE21A6F7F800DA49B1 /* utility.cpp */ = {isa = PBXFileReference; fileEncoding = 4; lastKnownFileType = sourcecode.cpp.cpp; name = utility.cpp; path = src/utility.cpp; sourceTree = "<group>"; };
		AC55E3BF21A6F7F800DA49B1 /* subprocess.hpp */ = {isa = PBXFileReference; fileEncoding = 4; lastKnownFileType = sourcecode.cpp.h; name = subprocess.hpp; path = src/subprocess.hpp; sourceTree = "<group>"; };
		AC55E3C021A6F7F800DA49B1 /* utility.h */ = {isa = PBXFileReference; fileEncoding = 4; lastKnownFileType = sourcecode.c.h; name = utility.h; path = src/utility.h; sourceTree = "<group>"; };
		AC55E3C121A6F7F800DA49B1 /* dDFIRE2.cpp */ = {isa = PBXFileReference; fileEncoding = 4; lastKnownFileType = sourcecode.cpp.cpp; name = dDFIRE2.cpp; path = src/dDFIRE2.cpp; sourceTree = "<group>"; };
		AC55E3C221A6F7F800DA49B1 /* dDFIRE2.h */ = {isa = PBXFileReference; fileEncoding = 4; lastKnownFileType = sourcecode.c.h; name = dDFIRE2.h; path = src/dDFIRE2.h; sourceTree = "<group>"; };
		AC55E3C321A6F7F800DA49B1 /* constants.h */ = {isa = PBXFileReference; fileEncoding = 4; lastKnownFileType = sourcecode.c.h; name = constants.h; path = src/constants.h; sourceTree = "<group>"; };
		AC55E3C421A6F7F800DA49B1 /* evaluator.h */ = {isa = PBXFileReference; fileEncoding = 4; lastKnownFileType = sourcecode.c.h; name = evaluator.h; path = src/evaluator.h; sourceTree = "<group>"; };
		AC55E3C521A6F7F800DA49B1 /* statistics.h */ = {isa = PBXFileReference; fileEncoding = 4; lastKnownFileType = sourcecode.c.h; name = statistics.h; path = src/statistics.h; sourceTree = "<group>"; };
		AC55E3C621A6F7F800DA49B1 /* mapping.h */ = {isa = PBXFileReference; fileEncoding = 4; lastKnownFileType = sourcecode.c.h; name = mapping.h; path = src/mapping.h; sourceTree = "<group>"; };
		AC55E3C721A6F7F800DA49B1 /* cpplocate.h */ = {isa = PBXFileReference; fileEncoding = 4; lastKnownFileType = sourcecode.c.h; name = cpplocate.h; path = src/cpplocate.h; sourceTree = "<group>"; };
		AC55E3C821A6F7F800DA49B1 /* cpplocate.cpp */ = {isa = PBXFileReference; fileEncoding = 4; lastKnownFileType = sourcecode.cpp.cpp; name = cpplocate.cpp; path = src/cpplocate.cpp; sourceTree = "<group>"; };
/* End PBXFileReference section */

/* Begin PBXFrameworksBuildPhase section */
		AC1D67252039EF2E00DC2D66 /* Frameworks */ = {
			isa = PBXFrameworksBuildPhase;
			buildActionMask = 2147483647;
			files = (
			);
			runOnlyForDeploymentPostprocessing = 0;
		};
/* End PBXFrameworksBuildPhase section */

/* Begin PBXGroup section */
		AC1D671F2039EF2E00DC2D66 = {
			isa = PBXGroup;
			children = (
				AC55E3B621A6F7F800DA49B1 /* protein.cpp */,
				AC55E3B721A6F7F800DA49B1 /* protein_profile.cpp */,
				AC55E3B821A6F7F800DA49B1 /* protein_profile.h */,
				AC55E3B921A6F7F800DA49B1 /* protein.h */,
				AC55E3BA21A6F7F800DA49B1 /* driver.cpp */,
				AC55E3BB21A6F7F800DA49B1 /* mapping.cpp */,
				AC55E3BC21A6F7F800DA49B1 /* statistics.cpp */,
				AC55E3BD21A6F7F800DA49B1 /* evaluator.cpp */,
				AC55E3BE21A6F7F800DA49B1 /* utility.cpp */,
				AC55E3BF21A6F7F800DA49B1 /* subprocess.hpp */,
				AC55E3C021A6F7F800DA49B1 /* utility.h */,
				AC55E3C121A6F7F800DA49B1 /* dDFIRE2.cpp */,
				AC55E3C221A6F7F800DA49B1 /* dDFIRE2.h */,
				AC55E3C321A6F7F800DA49B1 /* constants.h */,
				AC55E3C421A6F7F800DA49B1 /* evaluator.h */,
				AC55E3C521A6F7F800DA49B1 /* statistics.h */,
				AC55E3C621A6F7F800DA49B1 /* mapping.h */,
				AC55E3C721A6F7F800DA49B1 /* cpplocate.h */,
				AC55E3C821A6F7F800DA49B1 /* cpplocate.cpp */,
				AC1D67292039EF2E00DC2D66 /* Products */,
			);
			sourceTree = "<group>";
		};
		AC1D67292039EF2E00DC2D66 /* Products */ = {
			isa = PBXGroup;
			children = (
				AC1D67282039EF2E00DC2D66 /* Protein Sequence Evolution */,
			);
			name = Products;
			sourceTree = "<group>";
		};
/* End PBXGroup section */

/* Begin PBXNativeTarget section */
		AC1D67272039EF2E00DC2D66 /* Protein Sequence Evolution */ = {
			isa = PBXNativeTarget;
			buildConfigurationList = AC1D672F2039EF2E00DC2D66 /* Build configuration list for PBXNativeTarget "Protein Sequence Evolution" */;
			buildPhases = (
				AC1D67242039EF2E00DC2D66 /* Sources */,
				AC1D67252039EF2E00DC2D66 /* Frameworks */,
				AC1D67262039EF2E00DC2D66 /* CopyFiles */,
			);
			buildRules = (
			);
			dependencies = (
			);
			name = "Protein Sequence Evolution";
			productName = "Protein Sequence Evolution";
			productReference = AC1D67282039EF2E00DC2D66 /* Protein Sequence Evolution */;
			productType = "com.apple.product-type.tool";
		};
/* End PBXNativeTarget section */

/* Begin PBXProject section */
		AC1D67202039EF2E00DC2D66 /* Project object */ = {
			isa = PBXProject;
			attributes = {
				LastUpgradeCheck = 0830;
				ORGANIZATIONNAME = "Nima Sarang";
				TargetAttributes = {
					AC1D67272039EF2E00DC2D66 = {
						CreatedOnToolsVersion = 8.3.2;
						ProvisioningStyle = Automatic;
					};
				};
			};
			buildConfigurationList = AC1D67232039EF2E00DC2D66 /* Build configuration list for PBXProject "Protein Sequence Evolution" */;
			compatibilityVersion = "Xcode 3.2";
			developmentRegion = English;
			hasScannedForEncodings = 0;
			knownRegions = (
				en,
			);
			mainGroup = AC1D671F2039EF2E00DC2D66;
			productRefGroup = AC1D67292039EF2E00DC2D66 /* Products */;
			projectDirPath = "";
			projectRoot = "";
			targets = (
				AC1D67272039EF2E00DC2D66 /* Protein Sequence Evolution */,
			);
		};
/* End PBXProject section */

/* Begin PBXSourcesBuildPhase section */
		AC1D67242039EF2E00DC2D66 /* Sources */ = {
			isa = PBXSourcesBuildPhase;
			buildActionMask = 2147483647;
			files = (
				AC55E3CC21A6F7F800DA49B1 /* mapping.cpp in Sources */,
				AC55E3C921A6F7F800DA49B1 /* protein.cpp in Sources */,
				AC55E3CA21A6F7F800DA49B1 /* protein_profile.cpp in Sources */,
				AC55E3CF21A6F7F800DA49B1 /* utility.cpp in Sources */,
				AC55E3D021A6F7F800DA49B1 /* dDFIRE2.cpp in Sources */,
				AC55E3D121A6F7F800DA49B1 /* cpplocate.cpp in Sources */,
				AC55E3CB21A6F7F800DA49B1 /* driver.cpp in Sources */,
				AC55E3CD21A6F7F800DA49B1 /* statistics.cpp in Sources */,
				AC55E3CE21A6F7F800DA49B1 /* evaluator.cpp in Sources */,
			);
			runOnlyForDeploymentPostprocessing = 0;
		};
/* End PBXSourcesBuildPhase section */

/* Begin XCBuildConfiguration section */
		AC1D672D2039EF2E00DC2D66 /* Debug */ = {
			isa = XCBuildConfiguration;
			buildSettings = {
				ALWAYS_SEARCH_USER_PATHS = NO;
				CLANG_ANALYZER_NONNULL = YES;
				CLANG_ANALYZER_NUMBER_OBJECT_CONVERSION = YES_AGGRESSIVE;
				CLANG_CXX_LANGUAGE_STANDARD = "gnu++0x";
				CLANG_CXX_LIBRARY = "libc++";
				CLANG_ENABLE_MODULES = YES;
				CLANG_ENABLE_OBJC_ARC = YES;
				CLANG_WARN_BOOL_CONVERSION = YES;
				CLANG_WARN_CONSTANT_CONVERSION = YES;
				CLANG_WARN_DIRECT_OBJC_ISA_USAGE = YES_ERROR;
				CLANG_WARN_DOCUMENTATION_COMMENTS = YES;
				CLANG_WARN_EMPTY_BODY = YES;
				CLANG_WARN_ENUM_CONVERSION = YES;
				CLANG_WARN_INFINITE_RECURSION = YES;
				CLANG_WARN_INT_CONVERSION = YES;
				CLANG_WARN_OBJC_ROOT_CLASS = YES_ERROR;
				CLANG_WARN_SUSPICIOUS_MOVE = YES;
				CLANG_WARN_UNREACHABLE_CODE = YES;
				CLANG_WARN__DUPLICATE_METHOD_MATCH = YES;
				CODE_SIGN_IDENTITY = "-";
				COPY_PHASE_STRIP = NO;
				DEBUG_INFORMATION_FORMAT = dwarf;
				ENABLE_STRICT_OBJC_MSGSEND = YES;
				ENABLE_TESTABILITY = YES;
				GCC_C_LANGUAGE_STANDARD = gnu99;
				GCC_DYNAMIC_NO_PIC = NO;
				GCC_NO_COMMON_BLOCKS = YES;
				GCC_OPTIMIZATION_LEVEL = 0;
				GCC_PREPROCESSOR_DEFINITIONS = (
					"DEBUG=1",
					"$(inherited)",
				);
				GCC_WARN_64_TO_32_BIT_CONVERSION = YES;
				GCC_WARN_ABOUT_RETURN_TYPE = YES_ERROR;
				GCC_WARN_UNDECLARED_SELECTOR = YES;
				GCC_WARN_UNINITIALIZED_AUTOS = YES_AGGRESSIVE;
				GCC_WARN_UNUSED_FUNCTION = YES;
				GCC_WARN_UNUSED_VARIABLE = YES;
				MACOSX_DEPLOYMENT_TARGET = 10.12;
				MTL_ENABLE_DEBUG_INFO = YES;
				ONLY_ACTIVE_ARCH = YES;
				SDKROOT = macosx;
			};
			name = Debug;
		};
		AC1D672E2039EF2E00DC2D66 /* Release */ = {
			isa = XCBuildConfiguration;
			buildSettings = {
				ALWAYS_SEARCH_USER_PATHS = NO;
				CLANG_ANALYZER_NONNULL = YES;
				CLANG_ANALYZER_NUMBER_OBJECT_CONVERSION = YES_AGGRESSIVE;
				CLANG_CXX_LANGUAGE_STANDARD = "gnu++0x";
				CLANG_CXX_LIBRARY = "libc++";
				CLANG_ENABLE_MODULES = YES;
				CLANG_ENABLE_OBJC_ARC = YES;
				CLANG_WARN_BOOL_CONVERSION = YES;
				CLANG_WARN_CONSTANT_CONVERSION = YES;
				CLANG_WARN_DIRECT_OBJC_ISA_USAGE = YES_ERROR;
				CLANG_WARN_DOCUMENTATION_COMMENTS = YES;
				CLANG_WARN_EMPTY_BODY = YES;
				CLANG_WARN_ENUM_CONVERSION = YES;
				CLANG_WARN_INFINITE_RECURSION = YES;
				CLANG_WARN_INT_CONVERSION = YES;
				CLANG_WARN_OBJC_ROOT_CLASS = YES_ERROR;
				CLANG_WARN_SUSPICIOUS_MOVE = YES;
				CLANG_WARN_UNREACHABLE_CODE = YES;
				CLANG_WARN__DUPLICATE_METHOD_MATCH = YES;
				CODE_SIGN_IDENTITY = "-";
				COPY_PHASE_STRIP = NO;
				DEBUG_INFORMATION_FORMAT = "dwarf-with-dsym";
				ENABLE_NS_ASSERTIONS = NO;
				ENABLE_STRICT_OBJC_MSGSEND = YES;
				GCC_C_LANGUAGE_STANDARD = gnu99;
				GCC_NO_COMMON_BLOCKS = YES;
				GCC_WARN_64_TO_32_BIT_CONVERSION = YES;
				GCC_WARN_ABOUT_RETURN_TYPE = YES_ERROR;
				GCC_WARN_UNDECLARED_SELECTOR = YES;
				GCC_WARN_UNINITIALIZED_AUTOS = YES_AGGRESSIVE;
				GCC_WARN_UNUSED_FUNCTION = YES;
				GCC_WARN_UNUSED_VARIABLE = YES;
				MACOSX_DEPLOYMENT_TARGET = 10.12;
				MTL_ENABLE_DEBUG_INFO = NO;
				SDKROOT = macosx;
			};
			name = Release;
		};
		AC1D67302039EF2E00DC2D66 /* Debug */ = {
			isa = XCBuildConfiguration;
			buildSettings = {
				CLANG_CXX_LANGUAGE_STANDARD = "gnu++14";
				CLANG_WARN_ENUM_CONVERSION = NO;
				CLANG_WARN_INT_CONVERSION = NO;
				GCC_WARN_64_TO_32_BIT_CONVERSION = NO;
				HEADER_SEARCH_PATHS = /usr/local/include;
				OTHER_CPLUSPLUSFLAGS = "-std=c++1z";
				OTHER_LDFLAGS = (
					"-I/usr/local/include",
					"-L/usr/local/lib",
					"-lgsl",
					"-lgslcblas",
				);
				OTHER_LIBTOOLFLAGS = "-lm -lgsl -lgslcblas -L";
				PRODUCT_NAME = "$(TARGET_NAME)";
			};
			name = Debug;
		};
		AC1D67312039EF2E00DC2D66 /* Release */ = {
			isa = XCBuildConfiguration;
			buildSettings = {
				CLANG_CXX_LANGUAGE_STANDARD = "gnu++14";
				CLANG_WARN_ENUM_CONVERSION = NO;
				CLANG_WARN_INT_CONVERSION = NO;
				GCC_WARN_64_TO_32_BIT_CONVERSION = NO;
				HEADER_SEARCH_PATHS = /usr/local/include;
				OTHER_CPLUSPLUSFLAGS = "-std=c++1z";
				OTHER_LDFLAGS = (
					"-I/usr/local/include",
					"-L/usr/local/lib",
					"-lgsl",
					"-lgslcblas",
				);
				OTHER_LIBTOOLFLAGS = "-lm -lgsl -lgslcblas -L";
				PRODUCT_NAME = "$(TARGET_NAME)";
			};
			name = Release;
		};
/* End XCBuildConfiguration section */

/* Begin XCConfigurationList section */
		AC1D67232039EF2E00DC2D66 /* Build configuration list for PBXProject "Protein Sequence Evolution" */ = {
			isa = XCConfigurationList;
			buildConfigurations = (
				AC1D672D2039EF2E00DC2D66 /* Debug */,
				AC1D672E2039EF2E00DC2D66 /* Release */,
			);
			defaultConfigurationIsVisible = 0;
			defaultConfigurationName = Release;
		};
		AC1D672F2039EF2E00DC2D66 /* Build configuration list for PBXNativeTarget "Protein Sequence Evolution" */ = {
			isa = XCConfigurationList;
			buildConfigurations = (
				AC1D67302039EF2E00DC2D66 /* Debug */,
				AC1D67312039EF2E00DC2D66 /* Release */,
			);
			defaultConfigurationIsVisible = 0;
			defaultConfigurationName = Release;
		};
/* End XCConfigurationList section */
	};
	rootObject = AC1D67202039EF2E00DC2D66 /* Project object */;
}
